// !$*UTF8*$!
{
	archiveVersion = 1;
	classes = {
	};
	objectVersion = 48;
	objects = {

/* Begin PBXBuildFile section */
		D837A4C51FCC4573002C2C13 /* AppDelegate.m in Sources */ = {isa = PBXBuildFile; fileRef = D837A4C41FCC4573002C2C13 /* AppDelegate.m */; };
		D837A4C71FCC4573002C2C13 /* art.scnassets in Resources */ = {isa = PBXBuildFile; fileRef = D837A4C61FCC4573002C2C13 /* art.scnassets */; };
		D837A4CA1FCC4573002C2C13 /* ViewController.m in Sources */ = {isa = PBXBuildFile; fileRef = D837A4C91FCC4573002C2C13 /* ViewController.m */; };
		D837A4CD1FCC4573002C2C13 /* Main.storyboard in Resources */ = {isa = PBXBuildFile; fileRef = D837A4CB1FCC4573002C2C13 /* Main.storyboard */; };
		D837A4CF1FCC4573002C2C13 /* Assets.xcassets in Resources */ = {isa = PBXBuildFile; fileRef = D837A4CE1FCC4573002C2C13 /* Assets.xcassets */; };
		D837A4D21FCC4573002C2C13 /* LaunchScreen.storyboard in Resources */ = {isa = PBXBuildFile; fileRef = D837A4D01FCC4573002C2C13 /* LaunchScreen.storyboard */; };
		D837A4D51FCC4573002C2C13 /* main.m in Sources */ = {isa = PBXBuildFile; fileRef = D837A4D41FCC4573002C2C13 /* main.m */; };
		D837A4DF1FCC4574002C2C13 /* spheroarTests.m in Sources */ = {isa = PBXBuildFile; fileRef = D837A4DE1FCC4574002C2C13 /* spheroarTests.m */; };
		D837A4EA1FCC4574002C2C13 /* spheroarUITests.m in Sources */ = {isa = PBXBuildFile; fileRef = D837A4E91FCC4574002C2C13 /* spheroarUITests.m */; };
		D837A4F81FCC464A002C2C13 /* RobotKit.framework in Frameworks */ = {isa = PBXBuildFile; fileRef = D837A4F71FCC464A002C2C13 /* RobotKit.framework */; };
/* End PBXBuildFile section */

/* Begin PBXContainerItemProxy section */
		D837A4DB1FCC4574002C2C13 /* PBXContainerItemProxy */ = {
			isa = PBXContainerItemProxy;
			containerPortal = D837A4B81FCC4573002C2C13 /* Project object */;
			proxyType = 1;
			remoteGlobalIDString = D837A4BF1FCC4573002C2C13;
			remoteInfo = spheroar;
		};
		D837A4E61FCC4574002C2C13 /* PBXContainerItemProxy */ = {
			isa = PBXContainerItemProxy;
			containerPortal = D837A4B81FCC4573002C2C13 /* Project object */;
			proxyType = 1;
			remoteGlobalIDString = D837A4BF1FCC4573002C2C13;
			remoteInfo = spheroar;
		};
/* End PBXContainerItemProxy section */

/* Begin PBXFileReference section */
		D837A4C01FCC4573002C2C13 /* spheroar.app */ = {isa = PBXFileReference; explicitFileType = wrapper.application; includeInIndex = 0; path = spheroar.app; sourceTree = BUILT_PRODUCTS_DIR; };
		D837A4C31FCC4573002C2C13 /* AppDelegate.h */ = {isa = PBXFileReference; lastKnownFileType = sourcecode.c.h; path = AppDelegate.h; sourceTree = "<group>"; };
		D837A4C41FCC4573002C2C13 /* AppDelegate.m */ = {isa = PBXFileReference; lastKnownFileType = sourcecode.c.objc; path = AppDelegate.m; sourceTree = "<group>"; };
		D837A4C61FCC4573002C2C13 /* art.scnassets */ = {isa = PBXFileReference; lastKnownFileType = wrapper.scnassets; path = art.scnassets; sourceTree = "<group>"; };
		D837A4C81FCC4573002C2C13 /* ViewController.h */ = {isa = PBXFileReference; lastKnownFileType = sourcecode.c.h; path = ViewController.h; sourceTree = "<group>"; };
		D837A4C91FCC4573002C2C13 /* ViewController.m */ = {isa = PBXFileReference; lastKnownFileType = sourcecode.c.objc; path = ViewController.m; sourceTree = "<group>"; };
		D837A4CC1FCC4573002C2C13 /* Base */ = {isa = PBXFileReference; lastKnownFileType = file.storyboard; name = Base; path = Base.lproj/Main.storyboard; sourceTree = "<group>"; };
		D837A4CE1FCC4573002C2C13 /* Assets.xcassets */ = {isa = PBXFileReference; lastKnownFileType = folder.assetcatalog; path = Assets.xcassets; sourceTree = "<group>"; };
		D837A4D11FCC4573002C2C13 /* Base */ = {isa = PBXFileReference; lastKnownFileType = file.storyboard; name = Base; path = Base.lproj/LaunchScreen.storyboard; sourceTree = "<group>"; };
		D837A4D31FCC4573002C2C13 /* Info.plist */ = {isa = PBXFileReference; lastKnownFileType = text.plist.xml; path = Info.plist; sourceTree = "<group>"; };
		D837A4D41FCC4573002C2C13 /* main.m */ = {isa = PBXFileReference; lastKnownFileType = sourcecode.c.objc; path = main.m; sourceTree = "<group>"; };
		D837A4DA1FCC4574002C2C13 /* spheroarTests.xctest */ = {isa = PBXFileReference; explicitFileType = wrapper.cfbundle; includeInIndex = 0; path = spheroarTests.xctest; sourceTree = BUILT_PRODUCTS_DIR; };
		D837A4DE1FCC4574002C2C13 /* spheroarTests.m */ = {isa = PBXFileReference; lastKnownFileType = sourcecode.c.objc; path = spheroarTests.m; sourceTree = "<group>"; };
		D837A4E01FCC4574002C2C13 /* Info.plist */ = {isa = PBXFileReference; lastKnownFileType = text.plist.xml; path = Info.plist; sourceTree = "<group>"; };
		D837A4E51FCC4574002C2C13 /* spheroarUITests.xctest */ = {isa = PBXFileReference; explicitFileType = wrapper.cfbundle; includeInIndex = 0; path = spheroarUITests.xctest; sourceTree = BUILT_PRODUCTS_DIR; };
		D837A4E91FCC4574002C2C13 /* spheroarUITests.m */ = {isa = PBXFileReference; lastKnownFileType = sourcecode.c.objc; path = spheroarUITests.m; sourceTree = "<group>"; };
		D837A4EB1FCC4574002C2C13 /* Info.plist */ = {isa = PBXFileReference; lastKnownFileType = text.plist.xml; path = Info.plist; sourceTree = "<group>"; };
		D837A4F71FCC464A002C2C13 /* RobotKit.framework */ = {isa = PBXFileReference; lastKnownFileType = wrapper.framework; path = RobotKit.framework; sourceTree = "<group>"; };
/* End PBXFileReference section */

/* Begin PBXFrameworksBuildPhase section */
		D837A4BD1FCC4573002C2C13 /* Frameworks */ = {
			isa = PBXFrameworksBuildPhase;
			buildActionMask = 2147483647;
			files = (
				D837A4F81FCC464A002C2C13 /* RobotKit.framework in Frameworks */,
			);
			runOnlyForDeploymentPostprocessing = 0;
		};
		D837A4D71FCC4574002C2C13 /* Frameworks */ = {
			isa = PBXFrameworksBuildPhase;
			buildActionMask = 2147483647;
			files = (
			);
			runOnlyForDeploymentPostprocessing = 0;
		};
		D837A4E21FCC4574002C2C13 /* Frameworks */ = {
			isa = PBXFrameworksBuildPhase;
			buildActionMask = 2147483647;
			files = (
			);
			runOnlyForDeploymentPostprocessing = 0;
		};
/* End PBXFrameworksBuildPhase section */

/* Begin PBXGroup section */
		D837A4B71FCC4573002C2C13 = {
			isa = PBXGroup;
			children = (
				D837A4C21FCC4573002C2C13 /* spheroar */,
				D837A4DD1FCC4574002C2C13 /* spheroarTests */,
				D837A4E81FCC4574002C2C13 /* spheroarUITests */,
				D837A4C11FCC4573002C2C13 /* Products */,
			);
			sourceTree = "<group>";
		};
		D837A4C11FCC4573002C2C13 /* Products */ = {
			isa = PBXGroup;
			children = (
				D837A4C01FCC4573002C2C13 /* spheroar.app */,
				D837A4DA1FCC4574002C2C13 /* spheroarTests.xctest */,
				D837A4E51FCC4574002C2C13 /* spheroarUITests.xctest */,
			);
			name = Products;
			sourceTree = "<group>";
		};
		D837A4C21FCC4573002C2C13 /* spheroar */ = {
			isa = PBXGroup;
			children = (
				D837A4F71FCC464A002C2C13 /* RobotKit.framework */,
				D837A4C31FCC4573002C2C13 /* AppDelegate.h */,
				D837A4C41FCC4573002C2C13 /* AppDelegate.m */,
				D837A4C61FCC4573002C2C13 /* art.scnassets */,
				D837A4C81FCC4573002C2C13 /* ViewController.h */,
				D837A4C91FCC4573002C2C13 /* ViewController.m */,
				D837A4CB1FCC4573002C2C13 /* Main.storyboard */,
				D837A4CE1FCC4573002C2C13 /* Assets.xcassets */,
				D837A4D01FCC4573002C2C13 /* LaunchScreen.storyboard */,
				D837A4D31FCC4573002C2C13 /* Info.plist */,
				D837A4D41FCC4573002C2C13 /* main.m */,
			);
			path = spheroar;
			sourceTree = "<group>";
		};
		D837A4DD1FCC4574002C2C13 /* spheroarTests */ = {
			isa = PBXGroup;
			children = (
				D837A4DE1FCC4574002C2C13 /* spheroarTests.m */,
				D837A4E01FCC4574002C2C13 /* Info.plist */,
			);
			path = spheroarTests;
			sourceTree = "<group>";
		};
		D837A4E81FCC4574002C2C13 /* spheroarUITests */ = {
			isa = PBXGroup;
			children = (
				D837A4E91FCC4574002C2C13 /* spheroarUITests.m */,
				D837A4EB1FCC4574002C2C13 /* Info.plist */,
			);
			path = spheroarUITests;
			sourceTree = "<group>";
		};
/* End PBXGroup section */

/* Begin PBXNativeTarget section */
		D837A4BF1FCC4573002C2C13 /* spheroar */ = {
			isa = PBXNativeTarget;
			buildConfigurationList = D837A4EE1FCC4574002C2C13 /* Build configuration list for PBXNativeTarget "spheroar" */;
			buildPhases = (
				D837A4BC1FCC4573002C2C13 /* Sources */,
				D837A4BD1FCC4573002C2C13 /* Frameworks */,
				D837A4BE1FCC4573002C2C13 /* Resources */,
			);
			buildRules = (
			);
			dependencies = (
			);
			name = spheroar;
			productName = spheroar;
			productReference = D837A4C01FCC4573002C2C13 /* spheroar.app */;
			productType = "com.apple.product-type.application";
		};
		D837A4D91FCC4574002C2C13 /* spheroarTests */ = {
			isa = PBXNativeTarget;
			buildConfigurationList = D837A4F11FCC4574002C2C13 /* Build configuration list for PBXNativeTarget "spheroarTests" */;
			buildPhases = (
				D837A4D61FCC4574002C2C13 /* Sources */,
				D837A4D71FCC4574002C2C13 /* Frameworks */,
				D837A4D81FCC4574002C2C13 /* Resources */,
			);
			buildRules = (
			);
			dependencies = (
				D837A4DC1FCC4574002C2C13 /* PBXTargetDependency */,
			);
			name = spheroarTests;
			productName = spheroarTests;
			productReference = D837A4DA1FCC4574002C2C13 /* spheroarTests.xctest */;
			productType = "com.apple.product-type.bundle.unit-test";
		};
		D837A4E41FCC4574002C2C13 /* spheroarUITests */ = {
			isa = PBXNativeTarget;
			buildConfigurationList = D837A4F41FCC4574002C2C13 /* Build configuration list for PBXNativeTarget "spheroarUITests" */;
			buildPhases = (
				D837A4E11FCC4574002C2C13 /* Sources */,
				D837A4E21FCC4574002C2C13 /* Frameworks */,
				D837A4E31FCC4574002C2C13 /* Resources */,
			);
			buildRules = (
			);
			dependencies = (
				D837A4E71FCC4574002C2C13 /* PBXTargetDependency */,
			);
			name = spheroarUITests;
			productName = spheroarUITests;
			productReference = D837A4E51FCC4574002C2C13 /* spheroarUITests.xctest */;
			productType = "com.apple.product-type.bundle.ui-testing";
		};
/* End PBXNativeTarget section */

/* Begin PBXProject section */
		D837A4B81FCC4573002C2C13 /* Project object */ = {
			isa = PBXProject;
			attributes = {
				LastUpgradeCheck = 0910;
				ORGANIZATIONNAME = "岡本 悠";
				TargetAttributes = {
					D837A4BF1FCC4573002C2C13 = {
						CreatedOnToolsVersion = 9.1;
						ProvisioningStyle = Automatic;
						SystemCapabilities = {
							com.apple.BackgroundModes = {
								enabled = 1;
							};
						};
					};
					D837A4D91FCC4574002C2C13 = {
						CreatedOnToolsVersion = 9.1;
						ProvisioningStyle = Automatic;
						TestTargetID = D837A4BF1FCC4573002C2C13;
					};
					D837A4E41FCC4574002C2C13 = {
						CreatedOnToolsVersion = 9.1;
						ProvisioningStyle = Automatic;
						TestTargetID = D837A4BF1FCC4573002C2C13;
					};
				};
			};
			buildConfigurationList = D837A4BB1FCC4573002C2C13 /* Build configuration list for PBXProject "spheroar" */;
			compatibilityVersion = "Xcode 8.0";
			developmentRegion = en;
			hasScannedForEncodings = 0;
			knownRegions = (
				en,
				Base,
			);
			mainGroup = D837A4B71FCC4573002C2C13;
			productRefGroup = D837A4C11FCC4573002C2C13 /* Products */;
			projectDirPath = "";
			projectRoot = "";
			targets = (
				D837A4BF1FCC4573002C2C13 /* spheroar */,
				D837A4D91FCC4574002C2C13 /* spheroarTests */,
				D837A4E41FCC4574002C2C13 /* spheroarUITests */,
			);
		};
/* End PBXProject section */

/* Begin PBXResourcesBuildPhase section */
		D837A4BE1FCC4573002C2C13 /* Resources */ = {
			isa = PBXResourcesBuildPhase;
			buildActionMask = 2147483647;
			files = (
				D837A4C71FCC4573002C2C13 /* art.scnassets in Resources */,
				D837A4D21FCC4573002C2C13 /* LaunchScreen.storyboard in Resources */,
				D837A4CF1FCC4573002C2C13 /* Assets.xcassets in Resources */,
				D837A4CD1FCC4573002C2C13 /* Main.storyboard in Resources */,
			);
			runOnlyForDeploymentPostprocessing = 0;
		};
		D837A4D81FCC4574002C2C13 /* Resources */ = {
			isa = PBXResourcesBuildPhase;
			buildActionMask = 2147483647;
			files = (
			);
			runOnlyForDeploymentPostprocessing = 0;
		};
		D837A4E31FCC4574002C2C13 /* Resources */ = {
			isa = PBXResourcesBuildPhase;
			buildActionMask = 2147483647;
			files = (
			);
			runOnlyForDeploymentPostprocessing = 0;
		};
/* End PBXResourcesBuildPhase section */

/* Begin PBXSourcesBuildPhase section */
		D837A4BC1FCC4573002C2C13 /* Sources */ = {
			isa = PBXSourcesBuildPhase;
			buildActionMask = 2147483647;
			files = (
				D837A4CA1FCC4573002C2C13 /* ViewController.m in Sources */,
				D837A4D51FCC4573002C2C13 /* main.m in Sources */,
				D837A4C51FCC4573002C2C13 /* AppDelegate.m in Sources */,
			);
			runOnlyForDeploymentPostprocessing = 0;
		};
		D837A4D61FCC4574002C2C13 /* Sources */ = {
			isa = PBXSourcesBuildPhase;
			buildActionMask = 2147483647;
			files = (
				D837A4DF1FCC4574002C2C13 /* spheroarTests.m in Sources */,
			);
			runOnlyForDeploymentPostprocessing = 0;
		};
		D837A4E11FCC4574002C2C13 /* Sources */ = {
			isa = PBXSourcesBuildPhase;
			buildActionMask = 2147483647;
			files = (
				D837A4EA1FCC4574002C2C13 /* spheroarUITests.m in Sources */,
			);
			runOnlyForDeploymentPostprocessing = 0;
		};
/* End PBXSourcesBuildPhase section */

/* Begin PBXTargetDependency section */
		D837A4DC1FCC4574002C2C13 /* PBXTargetDependency */ = {
			isa = PBXTargetDependency;
			target = D837A4BF1FCC4573002C2C13 /* spheroar */;
			targetProxy = D837A4DB1FCC4574002C2C13 /* PBXContainerItemProxy */;
		};
		D837A4E71FCC4574002C2C13 /* PBXTargetDependency */ = {
			isa = PBXTargetDependency;
			target = D837A4BF1FCC4573002C2C13 /* spheroar */;
			targetProxy = D837A4E61FCC4574002C2C13 /* PBXContainerItemProxy */;
		};
/* End PBXTargetDependency section */

/* Begin PBXVariantGroup section */
		D837A4CB1FCC4573002C2C13 /* Main.storyboard */ = {
			isa = PBXVariantGroup;
			children = (
				D837A4CC1FCC4573002C2C13 /* Base */,
			);
			name = Main.storyboard;
			sourceTree = "<group>";
		};
		D837A4D01FCC4573002C2C13 /* LaunchScreen.storyboard */ = {
			isa = PBXVariantGroup;
			children = (
				D837A4D11FCC4573002C2C13 /* Base */,
			);
			name = LaunchScreen.storyboard;
			sourceTree = "<group>";
		};
/* End PBXVariantGroup section */

/* Begin XCBuildConfiguration section */
		D837A4EC1FCC4574002C2C13 /* Debug */ = {
			isa = XCBuildConfiguration;
			buildSettings = {
				ALWAYS_SEARCH_USER_PATHS = NO;
				CLANG_ANALYZER_NONNULL = YES;
				CLANG_ANALYZER_NUMBER_OBJECT_CONVERSION = YES_AGGRESSIVE;
				CLANG_CXX_LANGUAGE_STANDARD = "gnu++14";
				CLANG_CXX_LIBRARY = "libc++";
				CLANG_ENABLE_MODULES = YES;
				CLANG_ENABLE_OBJC_ARC = YES;
				CLANG_WARN_BLOCK_CAPTURE_AUTORELEASING = YES;
				CLANG_WARN_BOOL_CONVERSION = YES;
				CLANG_WARN_COMMA = YES;
				CLANG_WARN_CONSTANT_CONVERSION = YES;
				CLANG_WARN_DIRECT_OBJC_ISA_USAGE = YES_ERROR;
				CLANG_WARN_DOCUMENTATION_COMMENTS = YES;
				CLANG_WARN_EMPTY_BODY = YES;
				CLANG_WARN_ENUM_CONVERSION = YES;
				CLANG_WARN_INFINITE_RECURSION = YES;
				CLANG_WARN_INT_CONVERSION = YES;
				CLANG_WARN_NON_LITERAL_NULL_CONVERSION = YES;
				CLANG_WARN_OBJC_LITERAL_CONVERSION = YES;
				CLANG_WARN_OBJC_ROOT_CLASS = YES_ERROR;
				CLANG_WARN_RANGE_LOOP_ANALYSIS = YES;
				CLANG_WARN_STRICT_PROTOTYPES = YES;
				CLANG_WARN_SUSPICIOUS_MOVE = YES;
				CLANG_WARN_UNGUARDED_AVAILABILITY = YES_AGGRESSIVE;
				CLANG_WARN_UNREACHABLE_CODE = YES;
				CLANG_WARN__DUPLICATE_METHOD_MATCH = YES;
				CODE_SIGN_IDENTITY = "iPhone Developer";
				COPY_PHASE_STRIP = NO;
				DEBUG_INFORMATION_FORMAT = dwarf;
				ENABLE_STRICT_OBJC_MSGSEND = YES;
				ENABLE_TESTABILITY = YES;
				GCC_C_LANGUAGE_STANDARD = gnu11;
				GCC_DYNAMIC_NO_PIC = NO;
				GCC_NO_COMMON_BLOCKS = YES;
				GCC_OPTIMIZATION_LEVEL = 0;
				GCC_PREPROCESSOR_DEFINITIONS = (
					"DEBUG=1",
					"$(inherited)",
				);
				GCC_WARN_64_TO_32_BIT_CONVERSION = YES;
				GCC_WARN_ABOUT_RETURN_TYPE = YES_ERROR;
				GCC_WARN_UNDECLARED_SELECTOR = YES;
				GCC_WARN_UNINITIALIZED_AUTOS = YES_AGGRESSIVE;
				GCC_WARN_UNUSED_FUNCTION = YES;
				GCC_WARN_UNUSED_VARIABLE = YES;
				IPHONEOS_DEPLOYMENT_TARGET = 11.1;
				MTL_ENABLE_DEBUG_INFO = YES;
				ONLY_ACTIVE_ARCH = YES;
				SDKROOT = iphoneos;
			};
			name = Debug;
		};
		D837A4ED1FCC4574002C2C13 /* Release */ = {
			isa = XCBuildConfiguration;
			buildSettings = {
				ALWAYS_SEARCH_USER_PATHS = NO;
				CLANG_ANALYZER_NONNULL = YES;
				CLANG_ANALYZER_NUMBER_OBJECT_CONVERSION = YES_AGGRESSIVE;
				CLANG_CXX_LANGUAGE_STANDARD = "gnu++14";
				CLANG_CXX_LIBRARY = "libc++";
				CLANG_ENABLE_MODULES = YES;
				CLANG_ENABLE_OBJC_ARC = YES;
				CLANG_WARN_BLOCK_CAPTURE_AUTORELEASING = YES;
				CLANG_WARN_BOOL_CONVERSION = YES;
				CLANG_WARN_COMMA = YES;
				CLANG_WARN_CONSTANT_CONVERSION = YES;
				CLANG_WARN_DIRECT_OBJC_ISA_USAGE = YES_ERROR;
				CLANG_WARN_DOCUMENTATION_COMMENTS = YES;
				CLANG_WARN_EMPTY_BODY = YES;
				CLANG_WARN_ENUM_CONVERSION = YES;
				CLANG_WARN_INFINITE_RECURSION = YES;
				CLANG_WARN_INT_CONVERSION = YES;
				CLANG_WARN_NON_LITERAL_NULL_CONVERSION = YES;
				CLANG_WARN_OBJC_LITERAL_CONVERSION = YES;
				CLANG_WARN_OBJC_ROOT_CLASS = YES_ERROR;
				CLANG_WARN_RANGE_LOOP_ANALYSIS = YES;
				CLANG_WARN_STRICT_PROTOTYPES = YES;
				CLANG_WARN_SUSPICIOUS_MOVE = YES;
				CLANG_WARN_UNGUARDED_AVAILABILITY = YES_AGGRESSIVE;
				CLANG_WARN_UNREACHABLE_CODE = YES;
				CLANG_WARN__DUPLICATE_METHOD_MATCH = YES;
				CODE_SIGN_IDENTITY = "iPhone Developer";
				COPY_PHASE_STRIP = NO;
				DEBUG_INFORMATION_FORMAT = "dwarf-with-dsym";
				ENABLE_NS_ASSERTIONS = NO;
				ENABLE_STRICT_OBJC_MSGSEND = YES;
				GCC_C_LANGUAGE_STANDARD = gnu11;
				GCC_NO_COMMON_BLOCKS = YES;
				GCC_WARN_64_TO_32_BIT_CONVERSION = YES;
				GCC_WARN_ABOUT_RETURN_TYPE = YES_ERROR;
				GCC_WARN_UNDECLARED_SELECTOR = YES;
				GCC_WARN_UNINITIALIZED_AUTOS = YES_AGGRESSIVE;
				GCC_WARN_UNUSED_FUNCTION = YES;
				GCC_WARN_UNUSED_VARIABLE = YES;
				IPHONEOS_DEPLOYMENT_TARGET = 11.1;
				MTL_ENABLE_DEBUG_INFO = NO;
				SDKROOT = iphoneos;
				VALIDATE_PRODUCT = YES;
			};
			name = Release;
		};
		D837A4EF1FCC4574002C2C13 /* Debug */ = {
			isa = XCBuildConfiguration;
			buildSettings = {
				ASSETCATALOG_COMPILER_APPICON_NAME = AppIcon;
				CODE_SIGN_STYLE = Automatic;
				DEVELOPMENT_TEAM = GWALRRAB38;
				FRAMEWORK_SEARCH_PATHS = (
					"$(inherited)",
					"$(PROJECT_DIR)/spheroar",
				);
				INFOPLIST_FILE = spheroar/Info.plist;
				IPHONEOS_DEPLOYMENT_TARGET = 11.1;
				LD_RUNPATH_SEARCH_PATHS = "$(inherited) @executable_path/Frameworks";
				OTHER_LDFLAGS = (
					"-ObjC",
					"-lc++",
				);
				PRODUCT_BUNDLE_IDENTIFIER = test.spheroar;
				PRODUCT_NAME = "$(TARGET_NAME)";
				TARGETED_DEVICE_FAMILY = "1,2";
			};
			name = Debug;
		};
		D837A4F01FCC4574002C2C13 /* Release */ = {
			isa = XCBuildConfiguration;
			buildSettings = {
				ASSETCATALOG_COMPILER_APPICON_NAME = AppIcon;
				CODE_SIGN_STYLE = Automatic;
				DEVELOPMENT_TEAM = GWALRRAB38;
				FRAMEWORK_SEARCH_PATHS = (
					"$(inherited)",
					"$(PROJECT_DIR)/spheroar",
				);
				INFOPLIST_FILE = spheroar/Info.plist;
				IPHONEOS_DEPLOYMENT_TARGET = 11.1;
				LD_RUNPATH_SEARCH_PATHS = "$(inherited) @executable_path/Frameworks";
				OTHER_LDFLAGS = (
					"-ObjC",
					"-lc++",
				);
				PRODUCT_BUNDLE_IDENTIFIER = test.spheroar;
				PRODUCT_NAME = "$(TARGET_NAME)";
				TARGETED_DEVICE_FAMILY = "1,2";
			};
			name = Release;
		};
		D837A4F21FCC4574002C2C13 /* Debug */ = {
			isa = XCBuildConfiguration;
			buildSettings = {
				BUNDLE_LOADER = "$(TEST_HOST)";
				CODE_SIGN_STYLE = Automatic;
				DEVELOPMENT_TEAM = GWALRRAB38;
				INFOPLIST_FILE = spheroarTests/Info.plist;
				LD_RUNPATH_SEARCH_PATHS = "$(inherited) @executable_path/Frameworks @loader_path/Frameworks";
				PRODUCT_BUNDLE_IDENTIFIER = test.spheroarTests;
				PRODUCT_NAME = "$(TARGET_NAME)";
				TARGETED_DEVICE_FAMILY = "1,2";
				TEST_HOST = "$(BUILT_PRODUCTS_DIR)/spheroar.app/spheroar";
			};
			name = Debug;
		};
		D837A4F31FCC4574002C2C13 /* Release */ = {
			isa = XCBuildConfiguration;
			buildSettings = {
				BUNDLE_LOADER = "$(TEST_HOST)";
				CODE_SIGN_STYLE = Automatic;
				DEVELOPMENT_TEAM = GWALRRAB38;
				INFOPLIST_FILE = spheroarTests/Info.plist;
				LD_RUNPATH_SEARCH_PATHS = "$(inherited) @executable_path/Frameworks @loader_path/Frameworks";
				PRODUCT_BUNDLE_IDENTIFIER = test.spheroarTests;
				PRODUCT_NAME = "$(TARGET_NAME)";
				TARGETED_DEVICE_FAMILY = "1,2";
				TEST_HOST = "$(BUILT_PRODUCTS_DIR)/spheroar.app/spheroar";
			};
			name = Release;
		};
		D837A4F51FCC4574002C2C13 /* Debug */ = {
			isa = XCBuildConfiguration;
			buildSettings = {
				CODE_SIGN_STYLE = Automatic;
				DEVELOPMENT_TEAM = GWALRRAB38;
				INFOPLIST_FILE = spheroarUITests/Info.plist;
				LD_RUNPATH_SEARCH_PATHS = "$(inherited) @executable_path/Frameworks @loader_path/Frameworks";
				PRODUCT_BUNDLE_IDENTIFIER = test.spheroarUITests;
				PRODUCT_NAME = "$(TARGET_NAME)";
				TARGETED_DEVICE_FAMILY = "1,2";
				TEST_TARGET_NAME = spheroar;
			};
			name = Debug;
		};
		D837A4F61FCC4574002C2C13 /* Release */ = {
			isa = XCBuildConfiguration;
			buildSettings = {
				CODE_SIGN_STYLE = Automatic;
				DEVELOPMENT_TEAM = GWALRRAB38;
				INFOPLIST_FILE = spheroarUITests/Info.plist;
				LD_RUNPATH_SEARCH_PATHS = "$(inherited) @executable_path/Frameworks @loader_path/Frameworks";
				PRODUCT_BUNDLE_IDENTIFIER = test.spheroarUITests;
				PRODUCT_NAME = "$(TARGET_NAME)";
				TARGETED_DEVICE_FAMILY = "1,2";
				TEST_TARGET_NAME = spheroar;
			};
			name = Release;
		};
/* End XCBuildConfiguration section */

/* Begin XCConfigurationList section */
		D837A4BB1FCC4573002C2C13 /* Build configuration list for PBXProject "spheroar" */ = {
			isa = XCConfigurationList;
			buildConfigurations = (
				D837A4EC1FCC4574002C2C13 /* Debug */,
				D837A4ED1FCC4574002C2C13 /* Release */,
			);
			defaultConfigurationIsVisible = 0;
			defaultConfigurationName = Release;
		};
		D837A4EE1FCC4574002C2C13 /* Build configuration list for PBXNativeTarget "spheroar" */ = {
			isa = XCConfigurationList;
			buildConfigurations = (
				D837A4EF1FCC4574002C2C13 /* Debug */,
				D837A4F01FCC4574002C2C13 /* Release */,
			);
			defaultConfigurationIsVisible = 0;
			defaultConfigurationName = Release;
		};
		D837A4F11FCC4574002C2C13 /* Build configuration list for PBXNativeTarget "spheroarTests" */ = {
			isa = XCConfigurationList;
			buildConfigurations = (
				D837A4F21FCC4574002C2C13 /* Debug */,
				D837A4F31FCC4574002C2C13 /* Release */,
			);
			defaultConfigurationIsVisible = 0;
			defaultConfigurationName = Release;
		};
		D837A4F41FCC4574002C2C13 /* Build configuration list for PBXNativeTarget "spheroarUITests" */ = {
			isa = XCConfigurationList;
			buildConfigurations = (
				D837A4F51FCC4574002C2C13 /* Debug */,
				D837A4F61FCC4574002C2C13 /* Release */,
			);
			defaultConfigurationIsVisible = 0;
			defaultConfigurationName = Release;
		};
/* End XCConfigurationList section */
	};
	rootObject = D837A4B81FCC4573002C2C13 /* Project object */;
}
